
Microsoft Visual Studio Solution File, Format Version 12.00
# Visual Studio Version 17
VisualStudioVersion = 17.2.32616.157
MinimumVisualStudioVersion = 10.0.40219.1
Project("{9092AA53-FB77-4645-B42D-1CCCA6BD08BD}") = "hello-node", "hello-node.njsproj", "{8EB58653-9CBA-4900-9DC3-8906702C59E2}"
EndProject
Global
	GlobalSection(SolutionConfigurationPlatforms) = preSolution
		Debug|Any CPU = Debug|Any CPU
		Release|Any CPU = Release|Any CPU
	EndGlobalSection
	GlobalSection(ProjectConfigurationPlatforms) = postSolution
		{8EB58653-9CBA-4900-9DC3-8906702C59E2}.Debug|Any CPU.ActiveCfg = Debug|Any CPU
		{8EB58653-9CBA-4900-9DC3-8906702C59E2}.Debug|Any CPU.Build.0 = Debug|Any CPU
		{8EB58653-9CBA-4900-9DC3-8906702C59E2}.Release|Any CPU.ActiveCfg = Release|Any CPU
		{8EB58653-9CBA-4900-9DC3-8906702C59E2}.Release|Any CPU.Build.0 = Release|Any CPU
	EndGlobalSection
	GlobalSection(SolutionProperties) = preSolution
		HideSolutionNode = FALSE
	EndGlobalSection
	GlobalSection(ExtensibilityGlobals) = postSolution
		SolutionGuid = {F4BB557F-6E93-453C-BCCA-1EBF49F5F5E3}
	EndGlobalSection
EndGlobal
